
Microsoft Visual Studio Solution File, Format Version 12.00
# Visual Studio Version 16
VisualStudioVersion = 16.0.29721.120
MinimumVisualStudioVersion = 10.0.40219.1
Project("{9A19103F-16F7-4668-BE54-9A1E7A4F7556}") = "Ruteros.Common", "Ruteros.Common\Ruteros.Common.csproj", "{57F9CF74-F6B7-4ED1-9310-52134AAF118A}"
EndProject
Project("{9A19103F-16F7-4668-BE54-9A1E7A4F7556}") = "Ruteros.Web", "Ruteros.Web\Ruteros.Web.csproj", "{982AAB5E-3704-41C6-9981-E6D889E3DEBD}"
EndProject
Project("{9A19103F-16F7-4668-BE54-9A1E7A4F7556}") = "Ruteros.Prism", "Ruteros.Prism\Ruteros.Prism\Ruteros.Prism.csproj", "{85956F0D-4546-4434-B52F-9B1016BF0036}"
EndProject
Project("{FAE04EC0-301F-11D3-BF4B-00C04F79EFBC}") = "Ruteros.Prism.Android", "Ruteros.Prism\Ruteros.Prism.Android\Ruteros.Prism.Android.csproj", "{A0FC3437-06E0-4F60-B242-E8841A6925F3}"
EndProject
Project("{FAE04EC0-301F-11D3-BF4B-00C04F79EFBC}") = "Ruteros.Prism.iOS", "Ruteros.Prism\Ruteros.Prism.iOS\Ruteros.Prism.iOS.csproj", "{5D3FFAA7-8E5D-4715-ABA0-0FC9BD11F7AB}"
EndProject
Project("{FAE04EC0-301F-11D3-BF4B-00C04F79EFBC}") = "Ruteros.Cross.Android", "Ruteros.Cross.Android\Ruteros.Cross.Android.csproj", "{8726EAC0-7DA1-4485-A14E-4F3EA684F98F}"
EndProject
Project("{FAE04EC0-301F-11D3-BF4B-00C04F79EFBC}") = "Ruteros.Cross.iOS", "Ruteros.Cross.iOS\Ruteros.Cross.iOS.csproj", "{78774EB9-986A-4B6D-97B9-2981FFF43D4D}"
EndProject
Global
	GlobalSection(SolutionConfigurationPlatforms) = preSolution
		Ad-Hoc|Any CPU = Ad-Hoc|Any CPU
		Ad-Hoc|iPhone = Ad-Hoc|iPhone
		Ad-Hoc|iPhoneSimulator = Ad-Hoc|iPhoneSimulator
		AppStore|Any CPU = AppStore|Any CPU
		AppStore|iPhone = AppStore|iPhone
		AppStore|iPhoneSimulator = AppStore|iPhoneSimulator
		Debug|Any CPU = Debug|Any CPU
		Debug|iPhone = Debug|iPhone
		Debug|iPhoneSimulator = Debug|iPhoneSimulator
		Release|Any CPU = Release|Any CPU
		Release|iPhone = Release|iPhone
		Release|iPhoneSimulator = Release|iPhoneSimulator
	EndGlobalSection
	GlobalSection(ProjectConfigurationPlatforms) = postSolution
		{57F9CF74-F6B7-4ED1-9310-52134AAF118A}.Ad-Hoc|Any CPU.ActiveCfg = Debug|Any CPU
		{57F9CF74-F6B7-4ED1-9310-52134AAF118A}.Ad-Hoc|Any CPU.Build.0 = Debug|Any CPU
		{57F9CF74-F6B7-4ED1-9310-52134AAF118A}.Ad-Hoc|iPhone.ActiveCfg = Debug|Any CPU
		{57F9CF74-F6B7-4ED1-9310-52134AAF118A}.Ad-Hoc|iPhone.Build.0 = Debug|Any CPU
		{57F9CF74-F6B7-4ED1-9310-52134AAF118A}.Ad-Hoc|iPhoneSimulator.ActiveCfg = Debug|Any CPU
		{57F9CF74-F6B7-4ED1-9310-52134AAF118A}.Ad-Hoc|iPhoneSimulator.Build.0 = Debug|Any CPU
		{57F9CF74-F6B7-4ED1-9310-52134AAF118A}.AppStore|Any CPU.ActiveCfg = Debug|Any CPU
		{57F9CF74-F6B7-4ED1-9310-52134AAF118A}.AppStore|Any CPU.Build.0 = Debug|Any CPU
		{57F9CF74-F6B7-4ED1-9310-52134AAF118A}.AppStore|iPhone.ActiveCfg = Debug|Any CPU
		{57F9CF74-F6B7-4ED1-9310-52134AAF118A}.AppStore|iPhone.Build.0 = Debug|Any CPU
		{57F9CF74-F6B7-4ED1-9310-52134AAF118A}.AppStore|iPhoneSimulator.ActiveCfg = Debug|Any CPU
		{57F9CF74-F6B7-4ED1-9310-52134AAF118A}.AppStore|iPhoneSimulator.Build.0 = Debug|Any CPU
		{57F9CF74-F6B7-4ED1-9310-52134AAF118A}.Debug|Any CPU.ActiveCfg = Debug|Any CPU
		{57F9CF74-F6B7-4ED1-9310-52134AAF118A}.Debug|Any CPU.Build.0 = Debug|Any CPU
		{57F9CF74-F6B7-4ED1-9310-52134AAF118A}.Debug|iPhone.ActiveCfg = Debug|Any CPU
		{57F9CF74-F6B7-4ED1-9310-52134AAF118A}.Debug|iPhone.Build.0 = Debug|Any CPU
		{57F9CF74-F6B7-4ED1-9310-52134AAF118A}.Debug|iPhoneSimulator.ActiveCfg = Debug|Any CPU
		{57F9CF74-F6B7-4ED1-9310-52134AAF118A}.Debug|iPhoneSimulator.Build.0 = Debug|Any CPU
		{57F9CF74-F6B7-4ED1-9310-52134AAF118A}.Release|Any CPU.ActiveCfg = Release|Any CPU
		{57F9CF74-F6B7-4ED1-9310-52134AAF118A}.Release|Any CPU.Build.0 = Release|Any CPU
		{57F9CF74-F6B7-4ED1-9310-52134AAF118A}.Release|iPhone.ActiveCfg = Release|Any CPU
		{57F9CF74-F6B7-4ED1-9310-52134AAF118A}.Release|iPhone.Build.0 = Release|Any CPU
		{57F9CF74-F6B7-4ED1-9310-52134AAF118A}.Release|iPhoneSimulator.ActiveCfg = Release|Any CPU
		{57F9CF74-F6B7-4ED1-9310-52134AAF118A}.Release|iPhoneSimulator.Build.0 = Release|Any CPU
		{982AAB5E-3704-41C6-9981-E6D889E3DEBD}.Ad-Hoc|Any CPU.ActiveCfg = Debug|Any CPU
		{982AAB5E-3704-41C6-9981-E6D889E3DEBD}.Ad-Hoc|Any CPU.Build.0 = Debug|Any CPU
		{982AAB5E-3704-41C6-9981-E6D889E3DEBD}.Ad-Hoc|iPhone.ActiveCfg = Debug|Any CPU
		{982AAB5E-3704-41C6-9981-E6D889E3DEBD}.Ad-Hoc|iPhone.Build.0 = Debug|Any CPU
		{982AAB5E-3704-41C6-9981-E6D889E3DEBD}.Ad-Hoc|iPhoneSimulator.ActiveCfg = Debug|Any CPU
		{982AAB5E-3704-41C6-9981-E6D889E3DEBD}.Ad-Hoc|iPhoneSimulator.Build.0 = Debug|Any CPU
		{982AAB5E-3704-41C6-9981-E6D889E3DEBD}.AppStore|Any CPU.ActiveCfg = Debug|Any CPU
		{982AAB5E-3704-41C6-9981-E6D889E3DEBD}.AppStore|Any CPU.Build.0 = Debug|Any CPU
		{982AAB5E-3704-41C6-9981-E6D889E3DEBD}.AppStore|iPhone.ActiveCfg = Debug|Any CPU
		{982AAB5E-3704-41C6-9981-E6D889E3DEBD}.AppStore|iPhone.Build.0 = Debug|Any CPU
		{982AAB5E-3704-41C6-9981-E6D889E3DEBD}.AppStore|iPhoneSimulator.ActiveCfg = Debug|Any CPU
		{982AAB5E-3704-41C6-9981-E6D889E3DEBD}.AppStore|iPhoneSimulator.Build.0 = Debug|Any CPU
		{982AAB5E-3704-41C6-9981-E6D889E3DEBD}.Debug|Any CPU.ActiveCfg = Debug|Any CPU
		{982AAB5E-3704-41C6-9981-E6D889E3DEBD}.Debug|Any CPU.Build.0 = Debug|Any CPU
		{982AAB5E-3704-41C6-9981-E6D889E3DEBD}.Debug|iPhone.ActiveCfg = Debug|Any CPU
		{982AAB5E-3704-41C6-9981-E6D889E3DEBD}.Debug|iPhone.Build.0 = Debug|Any CPU
		{982AAB5E-3704-41C6-9981-E6D889E3DEBD}.Debug|iPhoneSimulator.ActiveCfg = Debug|Any CPU
		{982AAB5E-3704-41C6-9981-E6D889E3DEBD}.Debug|iPhoneSimulator.Build.0 = Debug|Any CPU
		{982AAB5E-3704-41C6-9981-E6D889E3DEBD}.Release|Any CPU.ActiveCfg = Release|Any CPU
		{982AAB5E-3704-41C6-9981-E6D889E3DEBD}.Release|Any CPU.Build.0 = Release|Any CPU
		{982AAB5E-3704-41C6-9981-E6D889E3DEBD}.Release|iPhone.ActiveCfg = Release|Any CPU
		{982AAB5E-3704-41C6-9981-E6D889E3DEBD}.Release|iPhone.Build.0 = Release|Any CPU
		{982AAB5E-3704-41C6-9981-E6D889E3DEBD}.Release|iPhoneSimulator.ActiveCfg = Release|Any CPU
		{982AAB5E-3704-41C6-9981-E6D889E3DEBD}.Release|iPhoneSimulator.Build.0 = Release|Any CPU
		{85956F0D-4546-4434-B52F-9B1016BF0036}.Ad-Hoc|Any CPU.ActiveCfg = Debug|Any CPU
		{85956F0D-4546-4434-B52F-9B1016BF0036}.Ad-Hoc|Any CPU.Build.0 = Debug|Any CPU
		{85956F0D-4546-4434-B52F-9B1016BF0036}.Ad-Hoc|iPhone.ActiveCfg = Debug|Any CPU
		{85956F0D-4546-4434-B52F-9B1016BF0036}.Ad-Hoc|iPhone.Build.0 = Debug|Any CPU
		{85956F0D-4546-4434-B52F-9B1016BF0036}.Ad-Hoc|iPhoneSimulator.ActiveCfg = Debug|Any CPU
		{85956F0D-4546-4434-B52F-9B1016BF0036}.Ad-Hoc|iPhoneSimulator.Build.0 = Debug|Any CPU
		{85956F0D-4546-4434-B52F-9B1016BF0036}.AppStore|Any CPU.ActiveCfg = Debug|Any CPU
		{85956F0D-4546-4434-B52F-9B1016BF0036}.AppStore|Any CPU.Build.0 = Debug|Any CPU
		{85956F0D-4546-4434-B52F-9B1016BF0036}.AppStore|iPhone.ActiveCfg = Debug|Any CPU
		{85956F0D-4546-4434-B52F-9B1016BF0036}.AppStore|iPhone.Build.0 = Debug|Any CPU
		{85956F0D-4546-4434-B52F-9B1016BF0036}.AppStore|iPhoneSimulator.ActiveCfg = Debug|Any CPU
		{85956F0D-4546-4434-B52F-9B1016BF0036}.AppStore|iPhoneSimulator.Build.0 = Debug|Any CPU
		{85956F0D-4546-4434-B52F-9B1016BF0036}.Debug|Any CPU.ActiveCfg = Debug|Any CPU
		{85956F0D-4546-4434-B52F-9B1016BF0036}.Debug|Any CPU.Build.0 = Debug|Any CPU
		{85956F0D-4546-4434-B52F-9B1016BF0036}.Debug|iPhone.ActiveCfg = Debug|Any CPU
		{85956F0D-4546-4434-B52F-9B1016BF0036}.Debug|iPhone.Build.0 = Debug|Any CPU
		{85956F0D-4546-4434-B52F-9B1016BF0036}.Debug|iPhoneSimulator.ActiveCfg = Debug|Any CPU
		{85956F0D-4546-4434-B52F-9B1016BF0036}.Debug|iPhoneSimulator.Build.0 = Debug|Any CPU
		{85956F0D-4546-4434-B52F-9B1016BF0036}.Release|Any CPU.ActiveCfg = Release|Any CPU
		{85956F0D-4546-4434-B52F-9B1016BF0036}.Release|Any CPU.Build.0 = Release|Any CPU
		{85956F0D-4546-4434-B52F-9B1016BF0036}.Release|iPhone.ActiveCfg = Release|Any CPU
		{85956F0D-4546-4434-B52F-9B1016BF0036}.Release|iPhone.Build.0 = Release|Any CPU
		{85956F0D-4546-4434-B52F-9B1016BF0036}.Release|iPhoneSimulator.ActiveCfg = Release|Any CPU
		{85956F0D-4546-4434-B52F-9B1016BF0036}.Release|iPhoneSimulator.Build.0 = Release|Any CPU
		{A0FC3437-06E0-4F60-B242-E8841A6925F3}.Ad-Hoc|Any CPU.ActiveCfg = Release|Any CPU
		{A0FC3437-06E0-4F60-B242-E8841A6925F3}.Ad-Hoc|Any CPU.Build.0 = Release|Any CPU
		{A0FC3437-06E0-4F60-B242-E8841A6925F3}.Ad-Hoc|Any CPU.Deploy.0 = Release|Any CPU
		{A0FC3437-06E0-4F60-B242-E8841A6925F3}.Ad-Hoc|iPhone.ActiveCfg = Release|Any CPU
		{A0FC3437-06E0-4F60-B242-E8841A6925F3}.Ad-Hoc|iPhone.Build.0 = Release|Any CPU
		{A0FC3437-06E0-4F60-B242-E8841A6925F3}.Ad-Hoc|iPhone.Deploy.0 = Release|Any CPU
		{A0FC3437-06E0-4F60-B242-E8841A6925F3}.Ad-Hoc|iPhoneSimulator.ActiveCfg = Release|Any CPU
		{A0FC3437-06E0-4F60-B242-E8841A6925F3}.Ad-Hoc|iPhoneSimulator.Build.0 = Release|Any CPU
		{A0FC3437-06E0-4F60-B242-E8841A6925F3}.Ad-Hoc|iPhoneSimulator.Deploy.0 = Release|Any CPU
		{A0FC3437-06E0-4F60-B242-E8841A6925F3}.AppStore|Any CPU.ActiveCfg = Release|Any CPU
		{A0FC3437-06E0-4F60-B242-E8841A6925F3}.AppStore|Any CPU.Build.0 = Release|Any CPU
		{A0FC3437-06E0-4F60-B242-E8841A6925F3}.AppStore|Any CPU.Deploy.0 = Release|Any CPU
		{A0FC3437-06E0-4F60-B242-E8841A6925F3}.AppStore|iPhone.ActiveCfg = Release|Any CPU
		{A0FC3437-06E0-4F60-B242-E8841A6925F3}.AppStore|iPhone.Build.0 = Release|Any CPU
		{A0FC3437-06E0-4F60-B242-E8841A6925F3}.AppStore|iPhone.Deploy.0 = Release|Any CPU
		{A0FC3437-06E0-4F60-B242-E8841A6925F3}.AppStore|iPhoneSimulator.ActiveCfg = Release|Any CPU
		{A0FC3437-06E0-4F60-B242-E8841A6925F3}.AppStore|iPhoneSimulator.Build.0 = Release|Any CPU
		{A0FC3437-06E0-4F60-B242-E8841A6925F3}.AppStore|iPhoneSimulator.Deploy.0 = Release|Any CPU
		{A0FC3437-06E0-4F60-B242-E8841A6925F3}.Debug|Any CPU.ActiveCfg = Debug|Any CPU
		{A0FC3437-06E0-4F60-B242-E8841A6925F3}.Debug|Any CPU.Build.0 = Debug|Any CPU
		{A0FC3437-06E0-4F60-B242-E8841A6925F3}.Debug|Any CPU.Deploy.0 = Debug|Any CPU
		{A0FC3437-06E0-4F60-B242-E8841A6925F3}.Debug|iPhone.ActiveCfg = Debug|Any CPU
		{A0FC3437-06E0-4F60-B242-E8841A6925F3}.Debug|iPhone.Build.0 = Debug|Any CPU
		{A0FC3437-06E0-4F60-B242-E8841A6925F3}.Debug|iPhone.Deploy.0 = Debug|Any CPU
		{A0FC3437-06E0-4F60-B242-E8841A6925F3}.Debug|iPhoneSimulator.ActiveCfg = Debug|Any CPU
		{A0FC3437-06E0-4F60-B242-E8841A6925F3}.Debug|iPhoneSimulator.Build.0 = Debug|Any CPU
		{A0FC3437-06E0-4F60-B242-E8841A6925F3}.Debug|iPhoneSimulator.Deploy.0 = Debug|Any CPU
		{A0FC3437-06E0-4F60-B242-E8841A6925F3}.Release|Any CPU.ActiveCfg = Release|Any CPU
		{A0FC3437-06E0-4F60-B242-E8841A6925F3}.Release|Any CPU.Build.0 = Release|Any CPU
		{A0FC3437-06E0-4F60-B242-E8841A6925F3}.Release|Any CPU.Deploy.0 = Release|Any CPU
		{A0FC3437-06E0-4F60-B242-E8841A6925F3}.Release|iPhone.ActiveCfg = Release|Any CPU
		{A0FC3437-06E0-4F60-B242-E8841A6925F3}.Release|iPhone.Build.0 = Release|Any CPU
		{A0FC3437-06E0-4F60-B242-E8841A6925F3}.Release|iPhone.Deploy.0 = Release|Any CPU
		{A0FC3437-06E0-4F60-B242-E8841A6925F3}.Release|iPhoneSimulator.ActiveCfg = Release|Any CPU
		{A0FC3437-06E0-4F60-B242-E8841A6925F3}.Release|iPhoneSimulator.Build.0 = Release|Any CPU
		{A0FC3437-06E0-4F60-B242-E8841A6925F3}.Release|iPhoneSimulator.Deploy.0 = Release|Any CPU
		{5D3FFAA7-8E5D-4715-ABA0-0FC9BD11F7AB}.Ad-Hoc|Any CPU.ActiveCfg = Ad-Hoc|iPhone
		{5D3FFAA7-8E5D-4715-ABA0-0FC9BD11F7AB}.Ad-Hoc|iPhone.ActiveCfg = Ad-Hoc|iPhone
		{5D3FFAA7-8E5D-4715-ABA0-0FC9BD11F7AB}.Ad-Hoc|iPhone.Build.0 = Ad-Hoc|iPhone
		{5D3FFAA7-8E5D-4715-ABA0-0FC9BD11F7AB}.Ad-Hoc|iPhoneSimulator.ActiveCfg = Ad-Hoc|iPhoneSimulator
		{5D3FFAA7-8E5D-4715-ABA0-0FC9BD11F7AB}.Ad-Hoc|iPhoneSimulator.Build.0 = Ad-Hoc|iPhoneSimulator
		{5D3FFAA7-8E5D-4715-ABA0-0FC9BD11F7AB}.AppStore|Any CPU.ActiveCfg = AppStore|iPhone
		{5D3FFAA7-8E5D-4715-ABA0-0FC9BD11F7AB}.AppStore|iPhone.ActiveCfg = AppStore|iPhone
		{5D3FFAA7-8E5D-4715-ABA0-0FC9BD11F7AB}.AppStore|iPhone.Build.0 = AppStore|iPhone
		{5D3FFAA7-8E5D-4715-ABA0-0FC9BD11F7AB}.AppStore|iPhoneSimulator.ActiveCfg = AppStore|iPhoneSimulator
		{5D3FFAA7-8E5D-4715-ABA0-0FC9BD11F7AB}.AppStore|iPhoneSimulator.Build.0 = AppStore|iPhoneSimulator
		{5D3FFAA7-8E5D-4715-ABA0-0FC9BD11F7AB}.Debug|Any CPU.ActiveCfg = Debug|iPhone
		{5D3FFAA7-8E5D-4715-ABA0-0FC9BD11F7AB}.Debug|iPhone.ActiveCfg = Debug|iPhone
		{5D3FFAA7-8E5D-4715-ABA0-0FC9BD11F7AB}.Debug|iPhone.Build.0 = Debug|iPhone
		{5D3FFAA7-8E5D-4715-ABA0-0FC9BD11F7AB}.Debug|iPhoneSimulator.ActiveCfg = Debug|iPhoneSimulator
		{5D3FFAA7-8E5D-4715-ABA0-0FC9BD11F7AB}.Debug|iPhoneSimulator.Build.0 = Debug|iPhoneSimulator
		{5D3FFAA7-8E5D-4715-ABA0-0FC9BD11F7AB}.Release|Any CPU.ActiveCfg = Release|iPhone
		{5D3FFAA7-8E5D-4715-ABA0-0FC9BD11F7AB}.Release|iPhone.ActiveCfg = Release|iPhone
		{5D3FFAA7-8E5D-4715-ABA0-0FC9BD11F7AB}.Release|iPhone.Build.0 = Release|iPhone
		{5D3FFAA7-8E5D-4715-ABA0-0FC9BD11F7AB}.Release|iPhoneSimulator.ActiveCfg = Release|iPhoneSimulator
		{5D3FFAA7-8E5D-4715-ABA0-0FC9BD11F7AB}.Release|iPhoneSimulator.Build.0 = Release|iPhoneSimulator
		{8726EAC0-7DA1-4485-A14E-4F3EA684F98F}.Ad-Hoc|Any CPU.ActiveCfg = Release|Any CPU
		{8726EAC0-7DA1-4485-A14E-4F3EA684F98F}.Ad-Hoc|Any CPU.Build.0 = Release|Any CPU
		{8726EAC0-7DA1-4485-A14E-4F3EA684F98F}.Ad-Hoc|Any CPU.Deploy.0 = Release|Any CPU
		{8726EAC0-7DA1-4485-A14E-4F3EA684F98F}.Ad-Hoc|iPhone.ActiveCfg = Release|Any CPU
		{8726EAC0-7DA1-4485-A14E-4F3EA684F98F}.Ad-Hoc|iPhone.Build.0 = Release|Any CPU
		{8726EAC0-7DA1-4485-A14E-4F3EA684F98F}.Ad-Hoc|iPhone.Deploy.0 = Release|Any CPU
		{8726EAC0-7DA1-4485-A14E-4F3EA684F98F}.Ad-Hoc|iPhoneSimulator.ActiveCfg = Release|Any CPU
		{8726EAC0-7DA1-4485-A14E-4F3EA684F98F}.Ad-Hoc|iPhoneSimulator.Build.0 = Release|Any CPU
		{8726EAC0-7DA1-4485-A14E-4F3EA684F98F}.Ad-Hoc|iPhoneSimulator.Deploy.0 = Release|Any CPU
		{8726EAC0-7DA1-4485-A14E-4F3EA684F98F}.AppStore|Any CPU.ActiveCfg = Release|Any CPU
		{8726EAC0-7DA1-4485-A14E-4F3EA684F98F}.AppStore|Any CPU.Build.0 = Release|Any CPU
		{8726EAC0-7DA1-4485-A14E-4F3EA684F98F}.AppStore|Any CPU.Deploy.0 = Release|Any CPU
		{8726EAC0-7DA1-4485-A14E-4F3EA684F98F}.AppStore|iPhone.ActiveCfg = Release|Any CPU
		{8726EAC0-7DA1-4485-A14E-4F3EA684F98F}.AppStore|iPhone.Build.0 = Release|Any CPU
		{8726EAC0-7DA1-4485-A14E-4F3EA684F98F}.AppStore|iPhone.Deploy.0 = Release|Any CPU
		{8726EAC0-7DA1-4485-A14E-4F3EA684F98F}.AppStore|iPhoneSimulator.ActiveCfg = Release|Any CPU
		{8726EAC0-7DA1-4485-A14E-4F3EA684F98F}.AppStore|iPhoneSimulator.Build.0 = Release|Any CPU
		{8726EAC0-7DA1-4485-A14E-4F3EA684F98F}.AppStore|iPhoneSimulator.Deploy.0 = Release|Any CPU
		{8726EAC0-7DA1-4485-A14E-4F3EA684F98F}.Debug|Any CPU.ActiveCfg = Debug|Any CPU
		{8726EAC0-7DA1-4485-A14E-4F3EA684F98F}.Debug|Any CPU.Build.0 = Debug|Any CPU
		{8726EAC0-7DA1-4485-A14E-4F3EA684F98F}.Debug|Any CPU.Deploy.0 = Debug|Any CPU
		{8726EAC0-7DA1-4485-A14E-4F3EA684F98F}.Debug|iPhone.ActiveCfg = Debug|Any CPU
		{8726EAC0-7DA1-4485-A14E-4F3EA684F98F}.Debug|iPhone.Build.0 = Debug|Any CPU
		{8726EAC0-7DA1-4485-A14E-4F3EA684F98F}.Debug|iPhone.Deploy.0 = Debug|Any CPU
		{8726EAC0-7DA1-4485-A14E-4F3EA684F98F}.Debug|iPhoneSimulator.ActiveCfg = Debug|Any CPU
		{8726EAC0-7DA1-4485-A14E-4F3EA684F98F}.Debug|iPhoneSimulator.Build.0 = Debug|Any CPU
		{8726EAC0-7DA1-4485-A14E-4F3EA684F98F}.Debug|iPhoneSimulator.Deploy.0 = Debug|Any CPU
		{8726EAC0-7DA1-4485-A14E-4F3EA684F98F}.Release|Any CPU.ActiveCfg = Release|Any CPU
		{8726EAC0-7DA1-4485-A14E-4F3EA684F98F}.Release|Any CPU.Build.0 = Release|Any CPU
		{8726EAC0-7DA1-4485-A14E-4F3EA684F98F}.Release|Any CPU.Deploy.0 = Release|Any CPU
		{8726EAC0-7DA1-4485-A14E-4F3EA684F98F}.Release|iPhone.ActiveCfg = Release|Any CPU
		{8726EAC0-7DA1-4485-A14E-4F3EA684F98F}.Release|iPhone.Build.0 = Release|Any CPU
		{8726EAC0-7DA1-4485-A14E-4F3EA684F98F}.Release|iPhone.Deploy.0 = Release|Any CPU
		{8726EAC0-7DA1-4485-A14E-4F3EA684F98F}.Release|iPhoneSimulator.ActiveCfg = Release|Any CPU
		{8726EAC0-7DA1-4485-A14E-4F3EA684F98F}.Release|iPhoneSimulator.Build.0 = Release|Any CPU
		{8726EAC0-7DA1-4485-A14E-4F3EA684F98F}.Release|iPhoneSimulator.Deploy.0 = Release|Any CPU
		{78774EB9-986A-4B6D-97B9-2981FFF43D4D}.Ad-Hoc|Any CPU.ActiveCfg = Release|iPhone
		{78774EB9-986A-4B6D-97B9-2981FFF43D4D}.Ad-Hoc|Any CPU.Build.0 = Release|iPhone
		{78774EB9-986A-4B6D-97B9-2981FFF43D4D}.Ad-Hoc|iPhone.ActiveCfg = Release|iPhone
		{78774EB9-986A-4B6D-97B9-2981FFF43D4D}.Ad-Hoc|iPhone.Build.0 = Release|iPhone
		{78774EB9-986A-4B6D-97B9-2981FFF43D4D}.Ad-Hoc|iPhoneSimulator.ActiveCfg = Release|iPhoneSimulator
		{78774EB9-986A-4B6D-97B9-2981FFF43D4D}.Ad-Hoc|iPhoneSimulator.Build.0 = Release|iPhoneSimulator
		{78774EB9-986A-4B6D-97B9-2981FFF43D4D}.AppStore|Any CPU.ActiveCfg = Release|iPhone
		{78774EB9-986A-4B6D-97B9-2981FFF43D4D}.AppStore|Any CPU.Build.0 = Release|iPhone
		{78774EB9-986A-4B6D-97B9-2981FFF43D4D}.AppStore|iPhone.ActiveCfg = Release|iPhone
		{78774EB9-986A-4B6D-97B9-2981FFF43D4D}.AppStore|iPhone.Build.0 = Release|iPhone
		{78774EB9-986A-4B6D-97B9-2981FFF43D4D}.AppStore|iPhoneSimulator.ActiveCfg = Release|iPhoneSimulator
		{78774EB9-986A-4B6D-97B9-2981FFF43D4D}.AppStore|iPhoneSimulator.Build.0 = Release|iPhoneSimulator
		{78774EB9-986A-4B6D-97B9-2981FFF43D4D}.Debug|Any CPU.ActiveCfg = Debug|iPhone
		{78774EB9-986A-4B6D-97B9-2981FFF43D4D}.Debug|iPhone.ActiveCfg = Debug|iPhone
		{78774EB9-986A-4B6D-97B9-2981FFF43D4D}.Debug|iPhone.Build.0 = Debug|iPhone
		{78774EB9-986A-4B6D-97B9-2981FFF43D4D}.Debug|iPhoneSimulator.ActiveCfg = Debug|iPhoneSimulator
		{78774EB9-986A-4B6D-97B9-2981FFF43D4D}.Debug|iPhoneSimulator.Build.0 = Debug|iPhoneSimulator
		{78774EB9-986A-4B6D-97B9-2981FFF43D4D}.Release|Any CPU.ActiveCfg = Release|iPhone
		{78774EB9-986A-4B6D-97B9-2981FFF43D4D}.Release|iPhone.ActiveCfg = Release|iPhone
		{78774EB9-986A-4B6D-97B9-2981FFF43D4D}.Release|iPhone.Build.0 = Release|iPhone
		{78774EB9-986A-4B6D-97B9-2981FFF43D4D}.Release|iPhoneSimulator.ActiveCfg = Release|iPhoneSimulator
		{78774EB9-986A-4B6D-97B9-2981FFF43D4D}.Release|iPhoneSimulator.Build.0 = Release|iPhoneSimulator
	EndGlobalSection
	GlobalSection(SolutionProperties) = preSolution
		HideSolutionNode = FALSE
	EndGlobalSection
	GlobalSection(ExtensibilityGlobals) = postSolution
		SolutionGuid = {74E8E0AF-8AB1-460F-82B7-4CD74005C689}
	EndGlobalSection
EndGlobal
